
Microsoft Visual Studio Solution File, Format Version 12.00
# Visual Studio Version 16
VisualStudioVersion = 25.0.1706.11
MinimumVisualStudioVersion = 10.0.40219.1
Project("{FAE04EC0-301F-11D3-BF4B-00C04F79EFBC}") = "PodcastAPI", "PodcastAPI.csproj", "{05284A82-6883-4ECD-B7AC-AEFEAED4883A}"
EndProject
Project("{FAE04EC0-301F-11D3-BF4B-00C04F79EFBC}") = "PodcastAPI.Tests", "..\PodcastAPI.Tests\PodcastAPI.Tests.csproj", "{D45C6CCA-9853-4992-90E4-2A8C4496D2AB}"
EndProject
Global
	GlobalSection(SolutionConfigurationPlatforms) = preSolution
		Debug|Any CPU = Debug|Any CPU
		Release|Any CPU = Release|Any CPU
	EndGlobalSection
	GlobalSection(ProjectConfigurationPlatforms) = postSolution
		{05284A82-6883-4ECD-B7AC-AEFEAED4883A}.Debug|Any CPU.ActiveCfg = Debug|Any CPU
		{05284A82-6883-4ECD-B7AC-AEFEAED4883A}.Debug|Any CPU.Build.0 = Debug|Any CPU
		{05284A82-6883-4ECD-B7AC-AEFEAED4883A}.Release|Any CPU.ActiveCfg = Release|Any CPU
		{05284A82-6883-4ECD-B7AC-AEFEAED4883A}.Release|Any CPU.Build.0 = Release|Any CPU
		{D45C6CCA-9853-4992-90E4-2A8C4496D2AB}.Debug|Any CPU.ActiveCfg = Debug|Any CPU
		{D45C6CCA-9853-4992-90E4-2A8C4496D2AB}.Debug|Any CPU.Build.0 = Debug|Any CPU
		{D45C6CCA-9853-4992-90E4-2A8C4496D2AB}.Release|Any CPU.ActiveCfg = Release|Any CPU
		{D45C6CCA-9853-4992-90E4-2A8C4496D2AB}.Release|Any CPU.Build.0 = Release|Any CPU
	EndGlobalSection
	GlobalSection(SolutionProperties) = preSolution
		HideSolutionNode = FALSE
	EndGlobalSection
	GlobalSection(ExtensibilityGlobals) = postSolution
		SolutionGuid = {377D914A-13A8-47FB-AFF6-F2F4FCC70900}
	EndGlobalSection
EndGlobal
