
Microsoft Visual Studio Solution File, Format Version 12.00
# Visual Studio Version 16
VisualStudioVersion = 25.0.1706.11
MinimumVisualStudioVersion = 10.0.40219.1
Project("{FAE04EC0-301F-11D3-BF4B-00C04F79EFBC}") = "PodcastAPI.Tests", "PodcastAPI.Tests.csproj", "{FA038D06-B2FC-40E2-962F-45E62029558C}"
EndProject
Global
	GlobalSection(SolutionConfigurationPlatforms) = preSolution
		Debug|Any CPU = Debug|Any CPU
		Release|Any CPU = Release|Any CPU
	EndGlobalSection
	GlobalSection(ProjectConfigurationPlatforms) = postSolution
		{FA038D06-B2FC-40E2-962F-45E62029558C}.Debug|Any CPU.ActiveCfg = Debug|Any CPU
		{FA038D06-B2FC-40E2-962F-45E62029558C}.Debug|Any CPU.Build.0 = Debug|Any CPU
		{FA038D06-B2FC-40E2-962F-45E62029558C}.Release|Any CPU.ActiveCfg = Release|Any CPU
		{FA038D06-B2FC-40E2-962F-45E62029558C}.Release|Any CPU.Build.0 = Release|Any CPU
	EndGlobalSection
	GlobalSection(SolutionProperties) = preSolution
		HideSolutionNode = FALSE
	EndGlobalSection
	GlobalSection(ExtensibilityGlobals) = postSolution
		SolutionGuid = {C17A348B-6E57-4AF7-A867-15F4C3261752}
	EndGlobalSection
EndGlobal
